
Microsoft Visual Studio Solution File, Format Version 12.00
# Visual Studio Version 16
VisualStudioVersion = 16.0.31112.23
MinimumVisualStudioVersion = 10.0.40219.1
Project("{FAE04EC0-301F-11D3-BF4B-00C04F79EFBC}") = "DeliveryRestaurantes", "DeliveryRestaurantes\DeliveryRestaurantes.csproj", "{AD6FB8A0-B9E5-439A-AD9B-FC531DFBCC01}"
EndProject
Global
	GlobalSection(SolutionConfigurationPlatforms) = preSolution
		Debug|Any CPU = Debug|Any CPU
		Release|Any CPU = Release|Any CPU
	EndGlobalSection
	GlobalSection(ProjectConfigurationPlatforms) = postSolution
		{AD6FB8A0-B9E5-439A-AD9B-FC531DFBCC01}.Debug|Any CPU.ActiveCfg = Debug|Any CPU
		{AD6FB8A0-B9E5-439A-AD9B-FC531DFBCC01}.Debug|Any CPU.Build.0 = Debug|Any CPU
		{AD6FB8A0-B9E5-439A-AD9B-FC531DFBCC01}.Release|Any CPU.ActiveCfg = Release|Any CPU
		{AD6FB8A0-B9E5-439A-AD9B-FC531DFBCC01}.Release|Any CPU.Build.0 = Release|Any CPU
	EndGlobalSection
	GlobalSection(SolutionProperties) = preSolution
		HideSolutionNode = FALSE
	EndGlobalSection
	GlobalSection(ExtensibilityGlobals) = postSolution
		SolutionGuid = {8BC2A1B8-9398-41DA-86A2-FDF352608596}
	EndGlobalSection
EndGlobal
